// !$*UTF8*$!
{
	archiveVersion = 1;
	classes = {
	};
	objectVersion = 55;
	objects = {

/* Begin PBXBuildFile section */
		471FF0972869E8030040EB9C /* ImageRepository.swift in Sources */ = {isa = PBXBuildFile; fileRef = 471FF0962869E8030040EB9C /* ImageRepository.swift */; };
		47432B0C28709AAB009A929C /* CNNEmotions.mlmodel in Sources */ = {isa = PBXBuildFile; fileRef = 47432B0B28709AAB009A929C /* CNNEmotions.mlmodel */; };
		47432B0E28709ADD009A929C /* EmotionCheck.swift in Sources */ = {isa = PBXBuildFile; fileRef = 47432B0D28709ADD009A929C /* EmotionCheck.swift */; };
		47432B1028709B01009A929C /* PhotoLibraryViewController.swift in Sources */ = {isa = PBXBuildFile; fileRef = 47432B0F28709B01009A929C /* PhotoLibraryViewController.swift */; };
		47432B1228709CBA009A929C /* Emotion.swift in Sources */ = {isa = PBXBuildFile; fileRef = 47432B1128709CBA009A929C /* Emotion.swift */; };
		93200E322863B22A00D9A2D9 /* AppDelegate.swift in Sources */ = {isa = PBXBuildFile; fileRef = 93200E312863B22A00D9A2D9 /* AppDelegate.swift */; };
		93200E342863B22A00D9A2D9 /* SceneDelegate.swift in Sources */ = {isa = PBXBuildFile; fileRef = 93200E332863B22A00D9A2D9 /* SceneDelegate.swift */; };
		93200E362863B22A00D9A2D9 /* CameraViewController.swift in Sources */ = {isa = PBXBuildFile; fileRef = 93200E352863B22A00D9A2D9 /* CameraViewController.swift */; };
		93200E392863B22A00D9A2D9 /* Main.storyboard in Resources */ = {isa = PBXBuildFile; fileRef = 93200E372863B22A00D9A2D9 /* Main.storyboard */; };
		93200E3B2863B22B00D9A2D9 /* Assets.xcassets in Resources */ = {isa = PBXBuildFile; fileRef = 93200E3A2863B22B00D9A2D9 /* Assets.xcassets */; };
		93200E3E2863B22B00D9A2D9 /* LaunchScreen.storyboard in Resources */ = {isa = PBXBuildFile; fileRef = 93200E3C2863B22B00D9A2D9 /* LaunchScreen.storyboard */; };
		9325ED6B286BB3EE009B6C66 /* ChooseEmotionViewController.swift in Sources */ = {isa = PBXBuildFile; fileRef = 9325ED6A286BB3EE009B6C66 /* ChooseEmotionViewController.swift */; };
		93E828D6286A73A000FD6158 /* PhotoCollectionViewCell.swift in Sources */ = {isa = PBXBuildFile; fileRef = 93E828D5286A73A000FD6158 /* PhotoCollectionViewCell.swift */; };
		93E828D8286A73F200FD6158 /* Const.swift in Sources */ = {isa = PBXBuildFile; fileRef = 93E828D7286A73F200FD6158 /* Const.swift */; };
		93E828DA286A886900FD6158 /* ColumnFlowLayout.swift in Sources */ = {isa = PBXBuildFile; fileRef = 93E828D9286A886900FD6158 /* ColumnFlowLayout.swift */; };
		93EA3D242868C62900CD2C38 /* ImageSaver.swift in Sources */ = {isa = PBXBuildFile; fileRef = 93EA3D232868C62900CD2C38 /* ImageSaver.swift */; };
/* End PBXBuildFile section */

/* Begin PBXFileReference section */
		471FF0962869E8030040EB9C /* ImageRepository.swift */ = {isa = PBXFileReference; lastKnownFileType = sourcecode.swift; path = ImageRepository.swift; sourceTree = "<group>"; };
		47432B0B28709AAB009A929C /* CNNEmotions.mlmodel */ = {isa = PBXFileReference; lastKnownFileType = file.mlmodel; path = CNNEmotions.mlmodel; sourceTree = "<group>"; };
		47432B0D28709ADD009A929C /* EmotionCheck.swift */ = {isa = PBXFileReference; fileEncoding = 4; lastKnownFileType = sourcecode.swift; path = EmotionCheck.swift; sourceTree = "<group>"; };
		47432B0F28709B01009A929C /* PhotoLibraryViewController.swift */ = {isa = PBXFileReference; fileEncoding = 4; lastKnownFileType = sourcecode.swift; path = PhotoLibraryViewController.swift; sourceTree = "<group>"; };
		47432B1128709CBA009A929C /* Emotion.swift */ = {isa = PBXFileReference; fileEncoding = 4; lastKnownFileType = sourcecode.swift; path = Emotion.swift; sourceTree = "<group>"; };
		93200E2E2863B22A00D9A2D9 /* REmote.app */ = {isa = PBXFileReference; explicitFileType = wrapper.application; includeInIndex = 0; path = REmote.app; sourceTree = BUILT_PRODUCTS_DIR; };
		93200E312863B22A00D9A2D9 /* AppDelegate.swift */ = {isa = PBXFileReference; lastKnownFileType = sourcecode.swift; path = AppDelegate.swift; sourceTree = "<group>"; };
		93200E332863B22A00D9A2D9 /* SceneDelegate.swift */ = {isa = PBXFileReference; lastKnownFileType = sourcecode.swift; path = SceneDelegate.swift; sourceTree = "<group>"; };
		93200E352863B22A00D9A2D9 /* CameraViewController.swift */ = {isa = PBXFileReference; lastKnownFileType = sourcecode.swift; path = CameraViewController.swift; sourceTree = "<group>"; };
		93200E382863B22A00D9A2D9 /* Base */ = {isa = PBXFileReference; lastKnownFileType = file.storyboard; name = Base; path = Base.lproj/Main.storyboard; sourceTree = "<group>"; };
		93200E3A2863B22B00D9A2D9 /* Assets.xcassets */ = {isa = PBXFileReference; lastKnownFileType = folder.assetcatalog; path = Assets.xcassets; sourceTree = "<group>"; };
		93200E3D2863B22B00D9A2D9 /* Base */ = {isa = PBXFileReference; lastKnownFileType = file.storyboard; name = Base; path = Base.lproj/LaunchScreen.storyboard; sourceTree = "<group>"; };
		93200E3F2863B22B00D9A2D9 /* Info.plist */ = {isa = PBXFileReference; lastKnownFileType = text.plist.xml; path = Info.plist; sourceTree = "<group>"; };
		9325ED6A286BB3EE009B6C66 /* ChooseEmotionViewController.swift */ = {isa = PBXFileReference; lastKnownFileType = sourcecode.swift; path = ChooseEmotionViewController.swift; sourceTree = "<group>"; };
		93E828D5286A73A000FD6158 /* PhotoCollectionViewCell.swift */ = {isa = PBXFileReference; lastKnownFileType = sourcecode.swift; path = PhotoCollectionViewCell.swift; sourceTree = "<group>"; };
		93E828D7286A73F200FD6158 /* Const.swift */ = {isa = PBXFileReference; lastKnownFileType = sourcecode.swift; path = Const.swift; sourceTree = "<group>"; };
		93E828D9286A886900FD6158 /* ColumnFlowLayout.swift */ = {isa = PBXFileReference; lastKnownFileType = sourcecode.swift; path = ColumnFlowLayout.swift; sourceTree = "<group>"; };
		93EA3D232868C62900CD2C38 /* ImageSaver.swift */ = {isa = PBXFileReference; lastKnownFileType = sourcecode.swift; path = ImageSaver.swift; sourceTree = "<group>"; };
/* End PBXFileReference section */

/* Begin PBXFrameworksBuildPhase section */
		93200E2B2863B22A00D9A2D9 /* Frameworks */ = {
			isa = PBXFrameworksBuildPhase;
			buildActionMask = 2147483647;
			files = (
			);
			runOnlyForDeploymentPostprocessing = 0;
		};
/* End PBXFrameworksBuildPhase section */

/* Begin PBXGroup section */
		471FF0932869E7A00040EB9C /* Gallery */ = {
			isa = PBXGroup;
			children = (
				47432B0F28709B01009A929C /* PhotoLibraryViewController.swift */,
				93E828D5286A73A000FD6158 /* PhotoCollectionViewCell.swift */,
				93E828D9286A886900FD6158 /* ColumnFlowLayout.swift */,
				9325ED6A286BB3EE009B6C66 /* ChooseEmotionViewController.swift */,
				47432B1128709CBA009A929C /* Emotion.swift */,
			);
			path = Gallery;
			sourceTree = "<group>";
		};
		471FF0942869E7B70040EB9C /* Camera */ = {
			isa = PBXGroup;
			children = (
				93EA3D232868C62900CD2C38 /* ImageSaver.swift */,
				93200E352863B22A00D9A2D9 /* CameraViewController.swift */,
			);
			path = Camera;
			sourceTree = "<group>";
		};
		471FF0952869E7D90040EB9C /* Data */ = {
			isa = PBXGroup;
			children = (
				47432B0B28709AAB009A929C /* CNNEmotions.mlmodel */,
				471FF0962869E8030040EB9C /* ImageRepository.swift */,
				47432B0D28709ADD009A929C /* EmotionCheck.swift */,
			);
			path = Data;
			sourceTree = "<group>";
		};
		93200E252863B22A00D9A2D9 = {
			isa = PBXGroup;
			children = (
				93200E302863B22A00D9A2D9 /* REmote */,
				93200E2F2863B22A00D9A2D9 /* Products */,
			);
			sourceTree = "<group>";
		};
		93200E2F2863B22A00D9A2D9 /* Products */ = {
			isa = PBXGroup;
			children = (
				93200E2E2863B22A00D9A2D9 /* REmote.app */,
			);
			name = Products;
			sourceTree = "<group>";
		};
		93200E302863B22A00D9A2D9 /* REmote */ = {
			isa = PBXGroup;
			children = (
				93200E312863B22A00D9A2D9 /* AppDelegate.swift */,
				93200E332863B22A00D9A2D9 /* SceneDelegate.swift */,
				471FF0952869E7D90040EB9C /* Data */,
				471FF0932869E7A00040EB9C /* Gallery */,
				471FF0942869E7B70040EB9C /* Camera */,
				93200E372863B22A00D9A2D9 /* Main.storyboard */,
				93200E3A2863B22B00D9A2D9 /* Assets.xcassets */,
				93200E3C2863B22B00D9A2D9 /* LaunchScreen.storyboard */,
				93200E3F2863B22B00D9A2D9 /* Info.plist */,
				93E828D7286A73F200FD6158 /* Const.swift */,
			);
			path = REmote;
			sourceTree = "<group>";
		};
/* End PBXGroup section */

/* Begin PBXNativeTarget section */
		93200E2D2863B22A00D9A2D9 /* REmote */ = {
			isa = PBXNativeTarget;
			buildConfigurationList = 93200E422863B22B00D9A2D9 /* Build configuration list for PBXNativeTarget "REmote" */;
			buildPhases = (
				93200E2A2863B22A00D9A2D9 /* Sources */,
				93200E2B2863B22A00D9A2D9 /* Frameworks */,
				93200E2C2863B22A00D9A2D9 /* Resources */,
			);
			buildRules = (
			);
			dependencies = (
			);
			name = REmote;
			productName = REmote;
			productReference = 93200E2E2863B22A00D9A2D9 /* REmote.app */;
			productType = "com.apple.product-type.application";
		};
/* End PBXNativeTarget section */

/* Begin PBXProject section */
		93200E262863B22A00D9A2D9 /* Project object */ = {
			isa = PBXProject;
			attributes = {
				BuildIndependentTargetsInParallel = 1;
				LastSwiftUpdateCheck = 1340;
				LastUpgradeCheck = 1340;
				TargetAttributes = {
					93200E2D2863B22A00D9A2D9 = {
						CreatedOnToolsVersion = 13.4.1;
					};
				};
			};
			buildConfigurationList = 93200E292863B22A00D9A2D9 /* Build configuration list for PBXProject "REmote" */;
			compatibilityVersion = "Xcode 13.0";
			developmentRegion = en;
			hasScannedForEncodings = 0;
			knownRegions = (
				en,
				Base,
			);
			mainGroup = 93200E252863B22A00D9A2D9;
			productRefGroup = 93200E2F2863B22A00D9A2D9 /* Products */;
			projectDirPath = "";
			projectRoot = "";
			targets = (
				93200E2D2863B22A00D9A2D9 /* REmote */,
			);
		};
/* End PBXProject section */

/* Begin PBXResourcesBuildPhase section */
		93200E2C2863B22A00D9A2D9 /* Resources */ = {
			isa = PBXResourcesBuildPhase;
			buildActionMask = 2147483647;
			files = (
				93200E3E2863B22B00D9A2D9 /* LaunchScreen.storyboard in Resources */,
				93200E3B2863B22B00D9A2D9 /* Assets.xcassets in Resources */,
				93200E392863B22A00D9A2D9 /* Main.storyboard in Resources */,
			);
			runOnlyForDeploymentPostprocessing = 0;
		};
/* End PBXResourcesBuildPhase section */

/* Begin PBXSourcesBuildPhase section */
		93200E2A2863B22A00D9A2D9 /* Sources */ = {
			isa = PBXSourcesBuildPhase;
			buildActionMask = 2147483647;
			files = (
				47432B0C28709AAB009A929C /* CNNEmotions.mlmodel in Sources */,
				93200E362863B22A00D9A2D9 /* CameraViewController.swift in Sources */,
				47432B0E28709ADD009A929C /* EmotionCheck.swift in Sources */,
				93E828DA286A886900FD6158 /* ColumnFlowLayout.swift in Sources */,
				471FF0972869E8030040EB9C /* ImageRepository.swift in Sources */,
				93200E322863B22A00D9A2D9 /* AppDelegate.swift in Sources */,
				93EA3D242868C62900CD2C38 /* ImageSaver.swift in Sources */,
				9325ED6B286BB3EE009B6C66 /* ChooseEmotionViewController.swift in Sources */,
				93E828D6286A73A000FD6158 /* PhotoCollectionViewCell.swift in Sources */,
				93E828D8286A73F200FD6158 /* Const.swift in Sources */,
				93200E342863B22A00D9A2D9 /* SceneDelegate.swift in Sources */,
				47432B1228709CBA009A929C /* Emotion.swift in Sources */,
				47432B1028709B01009A929C /* PhotoLibraryViewController.swift in Sources */,
			);
			runOnlyForDeploymentPostprocessing = 0;
		};
/* End PBXSourcesBuildPhase section */

/* Begin PBXVariantGroup section */
		93200E372863B22A00D9A2D9 /* Main.storyboard */ = {
			isa = PBXVariantGroup;
			children = (
				93200E382863B22A00D9A2D9 /* Base */,
			);
			name = Main.storyboard;
			sourceTree = "<group>";
		};
		93200E3C2863B22B00D9A2D9 /* LaunchScreen.storyboard */ = {
			isa = PBXVariantGroup;
			children = (
				93200E3D2863B22B00D9A2D9 /* Base */,
			);
			name = LaunchScreen.storyboard;
			sourceTree = "<group>";
		};
/* End PBXVariantGroup section */

/* Begin XCBuildConfiguration section */
		93200E402863B22B00D9A2D9 /* Debug */ = {
			isa = XCBuildConfiguration;
			buildSettings = {
				ALWAYS_SEARCH_USER_PATHS = NO;
				CLANG_ANALYZER_NONNULL = YES;
				CLANG_ANALYZER_NUMBER_OBJECT_CONVERSION = YES_AGGRESSIVE;
				CLANG_CXX_LANGUAGE_STANDARD = "gnu++17";
				CLANG_ENABLE_MODULES = YES;
				CLANG_ENABLE_OBJC_ARC = YES;
				CLANG_ENABLE_OBJC_WEAK = YES;
				CLANG_WARN_BLOCK_CAPTURE_AUTORELEASING = YES;
				CLANG_WARN_BOOL_CONVERSION = YES;
				CLANG_WARN_COMMA = YES;
				CLANG_WARN_CONSTANT_CONVERSION = YES;
				CLANG_WARN_DEPRECATED_OBJC_IMPLEMENTATIONS = YES;
				CLANG_WARN_DIRECT_OBJC_ISA_USAGE = YES_ERROR;
				CLANG_WARN_DOCUMENTATION_COMMENTS = YES;
				CLANG_WARN_EMPTY_BODY = YES;
				CLANG_WARN_ENUM_CONVERSION = YES;
				CLANG_WARN_INFINITE_RECURSION = YES;
				CLANG_WARN_INT_CONVERSION = YES;
				CLANG_WARN_NON_LITERAL_NULL_CONVERSION = YES;
				CLANG_WARN_OBJC_IMPLICIT_RETAIN_SELF = YES;
				CLANG_WARN_OBJC_LITERAL_CONVERSION = YES;
				CLANG_WARN_OBJC_ROOT_CLASS = YES_ERROR;
				CLANG_WARN_QUOTED_INCLUDE_IN_FRAMEWORK_HEADER = YES;
				CLANG_WARN_RANGE_LOOP_ANALYSIS = YES;
				CLANG_WARN_STRICT_PROTOTYPES = YES;
				CLANG_WARN_SUSPICIOUS_MOVE = YES;
				CLANG_WARN_UNGUARDED_AVAILABILITY = YES_AGGRESSIVE;
				CLANG_WARN_UNREACHABLE_CODE = YES;
				CLANG_WARN__DUPLICATE_METHOD_MATCH = YES;
				COPY_PHASE_STRIP = NO;
				DEBUG_INFORMATION_FORMAT = dwarf;
				ENABLE_STRICT_OBJC_MSGSEND = YES;
				ENABLE_TESTABILITY = YES;
				GCC_C_LANGUAGE_STANDARD = gnu11;
				GCC_DYNAMIC_NO_PIC = NO;
				GCC_NO_COMMON_BLOCKS = YES;
				GCC_OPTIMIZATION_LEVEL = 0;
				GCC_PREPROCESSOR_DEFINITIONS = (
					"DEBUG=1",
					"$(inherited)",
				);
				GCC_WARN_64_TO_32_BIT_CONVERSION = YES;
				GCC_WARN_ABOUT_RETURN_TYPE = YES_ERROR;
				GCC_WARN_UNDECLARED_SELECTOR = YES;
				GCC_WARN_UNINITIALIZED_AUTOS = YES_AGGRESSIVE;
				GCC_WARN_UNUSED_FUNCTION = YES;
				GCC_WARN_UNUSED_VARIABLE = YES;
				IPHONEOS_DEPLOYMENT_TARGET = 15.5;
				MTL_ENABLE_DEBUG_INFO = INCLUDE_SOURCE;
				MTL_FAST_MATH = YES;
				ONLY_ACTIVE_ARCH = YES;
				SDKROOT = iphoneos;
				SWIFT_ACTIVE_COMPILATION_CONDITIONS = DEBUG;
				SWIFT_OPTIMIZATION_LEVEL = "-Onone";
			};
			name = Debug;
		};
		93200E412863B22B00D9A2D9 /* Release */ = {
			isa = XCBuildConfiguration;
			buildSettings = {
				ALWAYS_SEARCH_USER_PATHS = NO;
				CLANG_ANALYZER_NONNULL = YES;
				CLANG_ANALYZER_NUMBER_OBJECT_CONVERSION = YES_AGGRESSIVE;
				CLANG_CXX_LANGUAGE_STANDARD = "gnu++17";
				CLANG_ENABLE_MODULES = YES;
				CLANG_ENABLE_OBJC_ARC = YES;
				CLANG_ENABLE_OBJC_WEAK = YES;
				CLANG_WARN_BLOCK_CAPTURE_AUTORELEASING = YES;
				CLANG_WARN_BOOL_CONVERSION = YES;
				CLANG_WARN_COMMA = YES;
				CLANG_WARN_CONSTANT_CONVERSION = YES;
				CLANG_WARN_DEPRECATED_OBJC_IMPLEMENTATIONS = YES;
				CLANG_WARN_DIRECT_OBJC_ISA_USAGE = YES_ERROR;
				CLANG_WARN_DOCUMENTATION_COMMENTS = YES;
				CLANG_WARN_EMPTY_BODY = YES;
				CLANG_WARN_ENUM_CONVERSION = YES;
				CLANG_WARN_INFINITE_RECURSION = YES;
				CLANG_WARN_INT_CONVERSION = YES;
				CLANG_WARN_NON_LITERAL_NULL_CONVERSION = YES;
				CLANG_WARN_OBJC_IMPLICIT_RETAIN_SELF = YES;
				CLANG_WARN_OBJC_LITERAL_CONVERSION = YES;
				CLANG_WARN_OBJC_ROOT_CLASS = YES_ERROR;
				CLANG_WARN_QUOTED_INCLUDE_IN_FRAMEWORK_HEADER = YES;
				CLANG_WARN_RANGE_LOOP_ANALYSIS = YES;
				CLANG_WARN_STRICT_PROTOTYPES = YES;
				CLANG_WARN_SUSPICIOUS_MOVE = YES;
				CLANG_WARN_UNGUARDED_AVAILABILITY = YES_AGGRESSIVE;
				CLANG_WARN_UNREACHABLE_CODE = YES;
				CLANG_WARN__DUPLICATE_METHOD_MATCH = YES;
				COPY_PHASE_STRIP = NO;
				DEBUG_INFORMATION_FORMAT = "dwarf-with-dsym";
				ENABLE_NS_ASSERTIONS = NO;
				ENABLE_STRICT_OBJC_MSGSEND = YES;
				GCC_C_LANGUAGE_STANDARD = gnu11;
				GCC_NO_COMMON_BLOCKS = YES;
				GCC_WARN_64_TO_32_BIT_CONVERSION = YES;
				GCC_WARN_ABOUT_RETURN_TYPE = YES_ERROR;
				GCC_WARN_UNDECLARED_SELECTOR = YES;
				GCC_WARN_UNINITIALIZED_AUTOS = YES_AGGRESSIVE;
				GCC_WARN_UNUSED_FUNCTION = YES;
				GCC_WARN_UNUSED_VARIABLE = YES;
				IPHONEOS_DEPLOYMENT_TARGET = 15.5;
				MTL_ENABLE_DEBUG_INFO = NO;
				MTL_FAST_MATH = YES;
				SDKROOT = iphoneos;
				SWIFT_COMPILATION_MODE = wholemodule;
				SWIFT_OPTIMIZATION_LEVEL = "-O";
				VALIDATE_PRODUCT = YES;
			};
			name = Release;
		};
		93200E432863B22B00D9A2D9 /* Debug */ = {
			isa = XCBuildConfiguration;
			buildSettings = {
				ASSETCATALOG_COMPILER_APPICON_NAME = AppIcon;
				ASSETCATALOG_COMPILER_GLOBAL_ACCENT_COLOR_NAME = AccentColor;
				CODE_SIGN_STYLE = Automatic;
				CURRENT_PROJECT_VERSION = 1;
				DEVELOPMENT_TEAM = VNU8KKW4GG;
				GENERATE_INFOPLIST_FILE = YES;
				INFOPLIST_FILE = REmote/Info.plist;
				INFOPLIST_KEY_NSCameraUsageDescription = "$(PRODUCT_NAME) needs permission to access camera on your device";
				INFOPLIST_KEY_NSMicrophoneUsageDescription = "$(PRODUCT_NAME) needs permission to access microphone on your device";
				INFOPLIST_KEY_NSPhotoLibraryAddUsageDescription = "$(PRODUCT_NAME) needs permission to add photos to your device";
				INFOPLIST_KEY_NSPhotoLibraryUsageDescription = "$(PRODUCT_NAME) needs permission to access photos on your device";
				INFOPLIST_KEY_UIApplicationSupportsIndirectInputEvents = YES;
				INFOPLIST_KEY_UILaunchStoryboardName = LaunchScreen;
				INFOPLIST_KEY_UIMainStoryboardFile = Main;
				INFOPLIST_KEY_UISupportedInterfaceOrientations_iPad = "UIInterfaceOrientationPortrait UIInterfaceOrientationPortraitUpsideDown UIInterfaceOrientationLandscapeLeft UIInterfaceOrientationLandscapeRight";
				INFOPLIST_KEY_UISupportedInterfaceOrientations_iPhone = "UIInterfaceOrientationPortrait UIInterfaceOrientationLandscapeLeft UIInterfaceOrientationLandscapeRight";
				LD_RUNPATH_SEARCH_PATHS = (
					"$(inherited)",
					"@executable_path/Frameworks",
				);
				MARKETING_VERSION = 1.0;
				PRODUCT_BUNDLE_IDENTIFIER = ua.edu.ukma.hetman.REmote;
				PRODUCT_NAME = "$(TARGET_NAME)";
				SWIFT_EMIT_LOC_STRINGS = YES;
				SWIFT_VERSION = 5.0;
				TARGETED_DEVICE_FAMILY = "1,2";
			};
			name = Debug;
		};
		93200E442863B22B00D9A2D9 /* Release */ = {
			isa = XCBuildConfiguration;
			buildSettings = {
				ASSETCATALOG_COMPILER_APPICON_NAME = AppIcon;
				ASSETCATALOG_COMPILER_GLOBAL_ACCENT_COLOR_NAME = AccentColor;
				CODE_SIGN_STYLE = Automatic;
				CURRENT_PROJECT_VERSION = 1;
				DEVELOPMENT_TEAM = VNU8KKW4GG;
				GENERATE_INFOPLIST_FILE = YES;
				INFOPLIST_FILE = REmote/Info.plist;
				INFOPLIST_KEY_NSCameraUsageDescription = "$(PRODUCT_NAME) needs permission to access camera on your device";
				INFOPLIST_KEY_NSMicrophoneUsageDescription = "$(PRODUCT_NAME) needs permission to access microphone on your device";
				INFOPLIST_KEY_NSPhotoLibraryAddUsageDescription = "$(PRODUCT_NAME) needs permission to add photos to your device";
				INFOPLIST_KEY_NSPhotoLibraryUsageDescription = "$(PRODUCT_NAME) needs permission to access photos on your device";
				INFOPLIST_KEY_UIApplicationSupportsIndirectInputEvents = YES;
				INFOPLIST_KEY_UILaunchStoryboardName = LaunchScreen;
				INFOPLIST_KEY_UIMainStoryboardFile = Main;
				INFOPLIST_KEY_UISupportedInterfaceOrientations_iPad = "UIInterfaceOrientationPortrait UIInterfaceOrientationPortraitUpsideDown UIInterfaceOrientationLandscapeLeft UIInterfaceOrientationLandscapeRight";
				INFOPLIST_KEY_UISupportedInterfaceOrientations_iPhone = "UIInterfaceOrientationPortrait UIInterfaceOrientationLandscapeLeft UIInterfaceOrientationLandscapeRight";
				LD_RUNPATH_SEARCH_PATHS = (
					"$(inherited)",
					"@executable_path/Frameworks",
				);
				MARKETING_VERSION = 1.0;
				PRODUCT_BUNDLE_IDENTIFIER = ua.edu.ukma.hetman.REmote;
				PRODUCT_NAME = "$(TARGET_NAME)";
				SWIFT_EMIT_LOC_STRINGS = YES;
				SWIFT_VERSION = 5.0;
				TARGETED_DEVICE_FAMILY = "1,2";
			};
			name = Release;
		};
/* End XCBuildConfiguration section */

/* Begin XCConfigurationList section */
		93200E292863B22A00D9A2D9 /* Build configuration list for PBXProject "REmote" */ = {
			isa = XCConfigurationList;
			buildConfigurations = (
				93200E402863B22B00D9A2D9 /* Debug */,
				93200E412863B22B00D9A2D9 /* Release */,
			);
			defaultConfigurationIsVisible = 0;
			defaultConfigurationName = Release;
		};
		93200E422863B22B00D9A2D9 /* Build configuration list for PBXNativeTarget "REmote" */ = {
			isa = XCConfigurationList;
			buildConfigurations = (
				93200E432863B22B00D9A2D9 /* Debug */,
				93200E442863B22B00D9A2D9 /* Release */,
			);
			defaultConfigurationIsVisible = 0;
			defaultConfigurationName = Release;
		};
/* End XCConfigurationList section */
	};
	rootObject = 93200E262863B22A00D9A2D9 /* Project object */;
}
